
Microsoft Visual Studio Solution File, Format Version 12.00
# Visual Studio Version 17
VisualStudioVersion = 17.14.36616.10 d17.14
MinimumVisualStudioVersion = 10.0.40219.1
Project("{FAE04EC0-301F-11D3-BF4B-00C04F79EFBC}") = "Code_First_Approach_15_12_2025", "Code_First_Approach_15_12_2025.csproj", "{1C5D3A0F-220E-4409-880A-953798C01FD6}"
EndProject
Global
	GlobalSection(SolutionConfigurationPlatforms) = preSolution
		Debug|Any CPU = Debug|Any CPU
		Release|Any CPU = Release|Any CPU
	EndGlobalSection
	GlobalSection(ProjectConfigurationPlatforms) = postSolution
		{1C5D3A0F-220E-4409-880A-953798C01FD6}.Debug|Any CPU.ActiveCfg = Debug|Any CPU
		{1C5D3A0F-220E-4409-880A-953798C01FD6}.Debug|Any CPU.Build.0 = Debug|Any CPU
		{1C5D3A0F-220E-4409-880A-953798C01FD6}.Release|Any CPU.ActiveCfg = Release|Any CPU
		{1C5D3A0F-220E-4409-880A-953798C01FD6}.Release|Any CPU.Build.0 = Release|Any CPU
	EndGlobalSection
	GlobalSection(SolutionProperties) = preSolution
		HideSolutionNode = FALSE
	EndGlobalSection
	GlobalSection(ExtensibilityGlobals) = postSolution
		SolutionGuid = {C4FA6DF8-FD32-4D06-A8B5-CB74EA923C16}
	EndGlobalSection
EndGlobal
